<?xml version="1.0" encoding="UTF-8" standalone="yes" ?>
<CodeBlocks_project_file>
	<FileVersion major="1" minor="6" />
	<Project>
		<Option title="SGES" />
		<Option pch_mode="2" />
		<Option compiler="gcc" />
		<Build>
			<Target title="Debug">
				<Option output="bin/Debug/SGES" prefix_auto="1" extension_auto="1" />
				<Option object_output="obj/Debug/" />
				<Option type="1" />
				<Option compiler="gcc" />
				<Compiler>
					<Add option="-g" />
				</Compiler>
			</Target>
			<Target title="Release">
				<Option output="bin/Release/SGES" prefix_auto="1" extension_auto="1" />
				<Option object_output="obj/Release/" />
				<Option type="1" />
				<Option compiler="gcc" />
				<Compiler>
					<Add option="-O2" />
				</Compiler>
				<Linker>
					<Add option="-s" />
				</Linker>
			</Target>
		</Build>
		<Compiler>
			<Add option="-Wall" />
			<Add option="-fexceptions" />
		</Compiler>
		<Unit filename="CargaCombustibleClase.h" />
		<Unit filename="CombustibleClase.h" />
		<Unit filename="EmpleadoClase.h" />
		<Unit filename="TipoServicioClase.h" />
		<Unit filename="VentaServicioClase.h" />
		<Unit filename="clases/EmpleadoClase.h" />
		<Unit filename="clases/PedidoInsumoClase.h" />
		<Unit filename="clases/StockListClase.h" />
		<Unit filename="clases/VentaKioscoClase.h" />
		<Unit filename="main.cpp" />
		<Unit filename="menuCargaCombustible.h" />
		<Unit filename="menuCombustible.h" />
		<Unit filename="menuEmpleados.h" />
		<Unit filename="menuTipoServicios.h" />
		<Unit filename="menuVentaServicios.h" />
		<Unit filename="menues/menuPedidoInsumos.h" />
		<Unit filename="menues/menuStockList.h" />
		<Unit filename="menues/menuVentaKiosco.h" />
		<Extensions />
	</Project>
</CodeBlocks_project_file>
